
Microsoft Visual Studio Solution File, Format Version 12.00
# Visual Studio Version 16
VisualStudioVersion = 16.0.30717.126
MinimumVisualStudioVersion = 10.0.40219.1
Project("{FAE04EC0-301F-11D3-BF4B-00C04F79EFBC}") = "OgrenciNotMVC", "OgrenciNotMVC\OgrenciNotMVC.csproj", "{D43D0D5C-697F-4A69-B16F-D5BB106153D0}"
EndProject
Global
	GlobalSection(SolutionConfigurationPlatforms) = preSolution
		Debug|Any CPU = Debug|Any CPU
		Release|Any CPU = Release|Any CPU
	EndGlobalSection
	GlobalSection(ProjectConfigurationPlatforms) = postSolution
		{D43D0D5C-697F-4A69-B16F-D5BB106153D0}.Debug|Any CPU.ActiveCfg = Debug|Any CPU
		{D43D0D5C-697F-4A69-B16F-D5BB106153D0}.Debug|Any CPU.Build.0 = Debug|Any CPU
		{D43D0D5C-697F-4A69-B16F-D5BB106153D0}.Release|Any CPU.ActiveCfg = Release|Any CPU
		{D43D0D5C-697F-4A69-B16F-D5BB106153D0}.Release|Any CPU.Build.0 = Release|Any CPU
	EndGlobalSection
	GlobalSection(SolutionProperties) = preSolution
		HideSolutionNode = FALSE
	EndGlobalSection
	GlobalSection(ExtensibilityGlobals) = postSolution
		SolutionGuid = {AA1AB967-6C89-422D-8458-4EEC1C16BD12}
	EndGlobalSection
EndGlobal
